// !$*UTF8*$!
{
	archiveVersion = 1;
	classes = {
	};
	objectVersion = 46;
	objects = {

/* Begin PBXBuildFile section */
		64B6C00D1FD2F9A200DE1AC0 /* AppDelegate.swift in Sources */ = {isa = PBXBuildFile; fileRef = 64B6C00C1FD2F9A200DE1AC0 /* AppDelegate.swift */; };
		64B6C00F1FD2F9A200DE1AC0 /* ViewController.swift in Sources */ = {isa = PBXBuildFile; fileRef = 64B6C00E1FD2F9A200DE1AC0 /* ViewController.swift */; };
		64B6C0121FD2F9A200DE1AC0 /* Main.storyboard in Resources */ = {isa = PBXBuildFile; fileRef = 64B6C0101FD2F9A200DE1AC0 /* Main.storyboard */; };
		64B6C0141FD2F9A200DE1AC0 /* Assets.xcassets in Resources */ = {isa = PBXBuildFile; fileRef = 64B6C0131FD2F9A200DE1AC0 /* Assets.xcassets */; };
		64B6C0171FD2F9A200DE1AC0 /* LaunchScreen.storyboard in Resources */ = {isa = PBXBuildFile; fileRef = 64B6C0151FD2F9A200DE1AC0 /* LaunchScreen.storyboard */; };
		64B6C0221FD2F9A200DE1AC0 /* MyMusicPlayerTests.swift in Sources */ = {isa = PBXBuildFile; fileRef = 64B6C0211FD2F9A200DE1AC0 /* MyMusicPlayerTests.swift */; };
		64B6C02D1FD2F9A200DE1AC0 /* MyMusicPlayerUITests.swift in Sources */ = {isa = PBXBuildFile; fileRef = 64B6C02C1FD2F9A200DE1AC0 /* MyMusicPlayerUITests.swift */; };
/* End PBXBuildFile section */

/* Begin PBXContainerItemProxy section */
		64B6C01E1FD2F9A200DE1AC0 /* PBXContainerItemProxy */ = {
			isa = PBXContainerItemProxy;
			containerPortal = 64B6C0011FD2F9A200DE1AC0 /* Project object */;
			proxyType = 1;
			remoteGlobalIDString = 64B6C0081FD2F9A200DE1AC0;
			remoteInfo = MyMusicPlayer;
		};
		64B6C0291FD2F9A200DE1AC0 /* PBXContainerItemProxy */ = {
			isa = PBXContainerItemProxy;
			containerPortal = 64B6C0011FD2F9A200DE1AC0 /* Project object */;
			proxyType = 1;
			remoteGlobalIDString = 64B6C0081FD2F9A200DE1AC0;
			remoteInfo = MyMusicPlayer;
		};
/* End PBXContainerItemProxy section */

/* Begin PBXFileReference section */
		64B6C0091FD2F9A200DE1AC0 /* MyMusicPlayer.app */ = {isa = PBXFileReference; explicitFileType = wrapper.application; includeInIndex = 0; path = MyMusicPlayer.app; sourceTree = BUILT_PRODUCTS_DIR; };
		64B6C00C1FD2F9A200DE1AC0 /* AppDelegate.swift */ = {isa = PBXFileReference; lastKnownFileType = sourcecode.swift; path = AppDelegate.swift; sourceTree = "<group>"; };
		64B6C00E1FD2F9A200DE1AC0 /* ViewController.swift */ = {isa = PBXFileReference; lastKnownFileType = sourcecode.swift; path = ViewController.swift; sourceTree = "<group>"; };
		64B6C0111FD2F9A200DE1AC0 /* Base */ = {isa = PBXFileReference; lastKnownFileType = file.storyboard; name = Base; path = Base.lproj/Main.storyboard; sourceTree = "<group>"; };
		64B6C0131FD2F9A200DE1AC0 /* Assets.xcassets */ = {isa = PBXFileReference; lastKnownFileType = folder.assetcatalog; path = Assets.xcassets; sourceTree = "<group>"; };
		64B6C0161FD2F9A200DE1AC0 /* Base */ = {isa = PBXFileReference; lastKnownFileType = file.storyboard; name = Base; path = Base.lproj/LaunchScreen.storyboard; sourceTree = "<group>"; };
		64B6C0181FD2F9A200DE1AC0 /* Info.plist */ = {isa = PBXFileReference; lastKnownFileType = text.plist.xml; path = Info.plist; sourceTree = "<group>"; };
		64B6C01D1FD2F9A200DE1AC0 /* MyMusicPlayerTests.xctest */ = {isa = PBXFileReference; explicitFileType = wrapper.cfbundle; includeInIndex = 0; path = MyMusicPlayerTests.xctest; sourceTree = BUILT_PRODUCTS_DIR; };
		64B6C0211FD2F9A200DE1AC0 /* MyMusicPlayerTests.swift */ = {isa = PBXFileReference; lastKnownFileType = sourcecode.swift; path = MyMusicPlayerTests.swift; sourceTree = "<group>"; };
		64B6C0231FD2F9A200DE1AC0 /* Info.plist */ = {isa = PBXFileReference; lastKnownFileType = text.plist.xml; path = Info.plist; sourceTree = "<group>"; };
		64B6C0281FD2F9A200DE1AC0 /* MyMusicPlayerUITests.xctest */ = {isa = PBXFileReference; explicitFileType = wrapper.cfbundle; includeInIndex = 0; path = MyMusicPlayerUITests.xctest; sourceTree = BUILT_PRODUCTS_DIR; };
		64B6C02C1FD2F9A200DE1AC0 /* MyMusicPlayerUITests.swift */ = {isa = PBXFileReference; lastKnownFileType = sourcecode.swift; path = MyMusicPlayerUITests.swift; sourceTree = "<group>"; };
		64B6C02E1FD2F9A200DE1AC0 /* Info.plist */ = {isa = PBXFileReference; lastKnownFileType = text.plist.xml; path = Info.plist; sourceTree = "<group>"; };
/* End PBXFileReference section */

/* Begin PBXFrameworksBuildPhase section */
		64B6C0061FD2F9A200DE1AC0 /* Frameworks */ = {
			isa = PBXFrameworksBuildPhase;
			buildActionMask = 2147483647;
			files = (
			);
			runOnlyForDeploymentPostprocessing = 0;
		};
		64B6C01A1FD2F9A200DE1AC0 /* Frameworks */ = {
			isa = PBXFrameworksBuildPhase;
			buildActionMask = 2147483647;
			files = (
			);
			runOnlyForDeploymentPostprocessing = 0;
		};
		64B6C0251FD2F9A200DE1AC0 /* Frameworks */ = {
			isa = PBXFrameworksBuildPhase;
			buildActionMask = 2147483647;
			files = (
			);
			runOnlyForDeploymentPostprocessing = 0;
		};
/* End PBXFrameworksBuildPhase section */

/* Begin PBXGroup section */
		64B6C0001FD2F9A200DE1AC0 = {
			isa = PBXGroup;
			children = (
				64B6C00B1FD2F9A200DE1AC0 /* MyMusicPlayer */,
				64B6C0201FD2F9A200DE1AC0 /* MyMusicPlayerTests */,
				64B6C02B1FD2F9A200DE1AC0 /* MyMusicPlayerUITests */,
				64B6C00A1FD2F9A200DE1AC0 /* Products */,
			);
			sourceTree = "<group>";
		};
		64B6C00A1FD2F9A200DE1AC0 /* Products */ = {
			isa = PBXGroup;
			children = (
				64B6C0091FD2F9A200DE1AC0 /* MyMusicPlayer.app */,
				64B6C01D1FD2F9A200DE1AC0 /* MyMusicPlayerTests.xctest */,
				64B6C0281FD2F9A200DE1AC0 /* MyMusicPlayerUITests.xctest */,
			);
			name = Products;
			sourceTree = "<group>";
		};
		64B6C00B1FD2F9A200DE1AC0 /* MyMusicPlayer */ = {
			isa = PBXGroup;
			children = (
				64B6C00C1FD2F9A200DE1AC0 /* AppDelegate.swift */,
				64B6C00E1FD2F9A200DE1AC0 /* ViewController.swift */,
				64B6C0101FD2F9A200DE1AC0 /* Main.storyboard */,
				64B6C0131FD2F9A200DE1AC0 /* Assets.xcassets */,
				64B6C0151FD2F9A200DE1AC0 /* LaunchScreen.storyboard */,
				64B6C0181FD2F9A200DE1AC0 /* Info.plist */,
			);
			path = MyMusicPlayer;
			sourceTree = "<group>";
		};
		64B6C0201FD2F9A200DE1AC0 /* MyMusicPlayerTests */ = {
			isa = PBXGroup;
			children = (
				64B6C0211FD2F9A200DE1AC0 /* MyMusicPlayerTests.swift */,
				64B6C0231FD2F9A200DE1AC0 /* Info.plist */,
			);
			path = MyMusicPlayerTests;
			sourceTree = "<group>";
		};
		64B6C02B1FD2F9A200DE1AC0 /* MyMusicPlayerUITests */ = {
			isa = PBXGroup;
			children = (
				64B6C02C1FD2F9A200DE1AC0 /* MyMusicPlayerUITests.swift */,
				64B6C02E1FD2F9A200DE1AC0 /* Info.plist */,
			);
			path = MyMusicPlayerUITests;
			sourceTree = "<group>";
		};
/* End PBXGroup section */

/* Begin PBXNativeTarget section */
		64B6C0081FD2F9A200DE1AC0 /* MyMusicPlayer */ = {
			isa = PBXNativeTarget;
			buildConfigurationList = 64B6C0311FD2F9A300DE1AC0 /* Build configuration list for PBXNativeTarget "MyMusicPlayer" */;
			buildPhases = (
				64B6C0051FD2F9A200DE1AC0 /* Sources */,
				64B6C0061FD2F9A200DE1AC0 /* Frameworks */,
				64B6C0071FD2F9A200DE1AC0 /* Resources */,
			);
			buildRules = (
			);
			dependencies = (
			);
			name = MyMusicPlayer;
			productName = MyMusicPlayer;
			productReference = 64B6C0091FD2F9A200DE1AC0 /* MyMusicPlayer.app */;
			productType = "com.apple.product-type.application";
		};
		64B6C01C1FD2F9A200DE1AC0 /* MyMusicPlayerTests */ = {
			isa = PBXNativeTarget;
			buildConfigurationList = 64B6C0341FD2F9A300DE1AC0 /* Build configuration list for PBXNativeTarget "MyMusicPlayerTests" */;
			buildPhases = (
				64B6C0191FD2F9A200DE1AC0 /* Sources */,
				64B6C01A1FD2F9A200DE1AC0 /* Frameworks */,
				64B6C01B1FD2F9A200DE1AC0 /* Resources */,
			);
			buildRules = (
			);
			dependencies = (
				64B6C01F1FD2F9A200DE1AC0 /* PBXTargetDependency */,
			);
			name = MyMusicPlayerTests;
			productName = MyMusicPlayerTests;
			productReference = 64B6C01D1FD2F9A200DE1AC0 /* MyMusicPlayerTests.xctest */;
			productType = "com.apple.product-type.bundle.unit-test";
		};
		64B6C0271FD2F9A200DE1AC0 /* MyMusicPlayerUITests */ = {
			isa = PBXNativeTarget;
			buildConfigurationList = 64B6C0371FD2F9A300DE1AC0 /* Build configuration list for PBXNativeTarget "MyMusicPlayerUITests" */;
			buildPhases = (
				64B6C0241FD2F9A200DE1AC0 /* Sources */,
				64B6C0251FD2F9A200DE1AC0 /* Frameworks */,
				64B6C0261FD2F9A200DE1AC0 /* Resources */,
			);
			buildRules = (
			);
			dependencies = (
				64B6C02A1FD2F9A200DE1AC0 /* PBXTargetDependency */,
			);
			name = MyMusicPlayerUITests;
			productName = MyMusicPlayerUITests;
			productReference = 64B6C0281FD2F9A200DE1AC0 /* MyMusicPlayerUITests.xctest */;
			productType = "com.apple.product-type.bundle.ui-testing";
		};
/* End PBXNativeTarget section */

/* Begin PBXProject section */
		64B6C0011FD2F9A200DE1AC0 /* Project object */ = {
			isa = PBXProject;
			attributes = {
				LastSwiftUpdateCheck = 0830;
				LastUpgradeCheck = 0830;
				ORGANIZATIONNAME = GpfYxh.Ger.com;
				TargetAttributes = {
					64B6C0081FD2F9A200DE1AC0 = {
						CreatedOnToolsVersion = 8.3.3;
						DevelopmentTeam = VB96A47ZJW;
						ProvisioningStyle = Automatic;
					};
					64B6C01C1FD2F9A200DE1AC0 = {
						CreatedOnToolsVersion = 8.3.3;
						DevelopmentTeam = VB96A47ZJW;
						ProvisioningStyle = Automatic;
						TestTargetID = 64B6C0081FD2F9A200DE1AC0;
					};
					64B6C0271FD2F9A200DE1AC0 = {
						CreatedOnToolsVersion = 8.3.3;
						DevelopmentTeam = VB96A47ZJW;
						ProvisioningStyle = Automatic;
						TestTargetID = 64B6C0081FD2F9A200DE1AC0;
					};
				};
			};
			buildConfigurationList = 64B6C0041FD2F9A200DE1AC0 /* Build configuration list for PBXProject "MyMusicPlayer" */;
			compatibilityVersion = "Xcode 3.2";
			developmentRegion = English;
			hasScannedForEncodings = 0;
			knownRegions = (
				en,
				Base,
			);
			mainGroup = 64B6C0001FD2F9A200DE1AC0;
			productRefGroup = 64B6C00A1FD2F9A200DE1AC0 /* Products */;
			projectDirPath = "";
			projectRoot = "";
			targets = (
				64B6C0081FD2F9A200DE1AC0 /* MyMusicPlayer */,
				64B6C01C1FD2F9A200DE1AC0 /* MyMusicPlayerTests */,
				64B6C0271FD2F9A200DE1AC0 /* MyMusicPlayerUITests */,
			);
		};
/* End PBXProject section */

/* Begin PBXResourcesBuildPhase section */
		64B6C0071FD2F9A200DE1AC0 /* Resources */ = {
			isa = PBXResourcesBuildPhase;
			buildActionMask = 2147483647;
			files = (
				64B6C0171FD2F9A200DE1AC0 /* LaunchScreen.storyboard in Resources */,
				64B6C0141FD2F9A200DE1AC0 /* Assets.xcassets in Resources */,
				64B6C0121FD2F9A200DE1AC0 /* Main.storyboard in Resources */,
			);
			runOnlyForDeploymentPostprocessing = 0;
		};
		64B6C01B1FD2F9A200DE1AC0 /* Resources */ = {
			isa = PBXResourcesBuildPhase;
			buildActionMask = 2147483647;
			files = (
			);
			runOnlyForDeploymentPostprocessing = 0;
		};
		64B6C0261FD2F9A200DE1AC0 /* Resources */ = {
			isa = PBXResourcesBuildPhase;
			buildActionMask = 2147483647;
			files = (
			);
			runOnlyForDeploymentPostprocessing = 0;
		};
/* End PBXResourcesBuildPhase section */

/* Begin PBXSourcesBuildPhase section */
		64B6C0051FD2F9A200DE1AC0 /* Sources */ = {
			isa = PBXSourcesBuildPhase;
			buildActionMask = 2147483647;
			files = (
				64B6C00F1FD2F9A200DE1AC0 /* ViewController.swift in Sources */,
				64B6C00D1FD2F9A200DE1AC0 /* AppDelegate.swift in Sources */,
			);
			runOnlyForDeploymentPostprocessing = 0;
		};
		64B6C0191FD2F9A200DE1AC0 /* Sources */ = {
			isa = PBXSourcesBuildPhase;
			buildActionMask = 2147483647;
			files = (
				64B6C0221FD2F9A200DE1AC0 /* MyMusicPlayerTests.swift in Sources */,
			);
			runOnlyForDeploymentPostprocessing = 0;
		};
		64B6C0241FD2F9A200DE1AC0 /* Sources */ = {
			isa = PBXSourcesBuildPhase;
			buildActionMask = 2147483647;
			files = (
				64B6C02D1FD2F9A200DE1AC0 /* MyMusicPlayerUITests.swift in Sources */,
			);
			runOnlyForDeploymentPostprocessing = 0;
		};
/* End PBXSourcesBuildPhase section */

/* Begin PBXTargetDependency section */
		64B6C01F1FD2F9A200DE1AC0 /* PBXTargetDependency */ = {
			isa = PBXTargetDependency;
			target = 64B6C0081FD2F9A200DE1AC0 /* MyMusicPlayer */;
			targetProxy = 64B6C01E1FD2F9A200DE1AC0 /* PBXContainerItemProxy */;
		};
		64B6C02A1FD2F9A200DE1AC0 /* PBXTargetDependency */ = {
			isa = PBXTargetDependency;
			target = 64B6C0081FD2F9A200DE1AC0 /* MyMusicPlayer */;
			targetProxy = 64B6C0291FD2F9A200DE1AC0 /* PBXContainerItemProxy */;
		};
/* End PBXTargetDependency section */

/* Begin PBXVariantGroup section */
		64B6C0101FD2F9A200DE1AC0 /* Main.storyboard */ = {
			isa = PBXVariantGroup;
			children = (
				64B6C0111FD2F9A200DE1AC0 /* Base */,
			);
			name = Main.storyboard;
			sourceTree = "<group>";
		};
		64B6C0151FD2F9A200DE1AC0 /* LaunchScreen.storyboard */ = {
			isa = PBXVariantGroup;
			children = (
				64B6C0161FD2F9A200DE1AC0 /* Base */,
			);
			name = LaunchScreen.storyboard;
			sourceTree = "<group>";
		};
/* End PBXVariantGroup section */

/* Begin XCBuildConfiguration section */
		64B6C02F1FD2F9A300DE1AC0 /* Debug */ = {
			isa = XCBuildConfiguration;
			buildSettings = {
				ALWAYS_SEARCH_USER_PATHS = NO;
				CLANG_ANALYZER_NONNULL = YES;
				CLANG_ANALYZER_NUMBER_OBJECT_CONVERSION = YES_AGGRESSIVE;
				CLANG_CXX_LANGUAGE_STANDARD = "gnu++0x";
				CLANG_CXX_LIBRARY = "libc++";
				CLANG_ENABLE_MODULES = YES;
				CLANG_ENABLE_OBJC_ARC = YES;
				CLANG_WARN_BOOL_CONVERSION = YES;
				CLANG_WARN_CONSTANT_CONVERSION = YES;
				CLANG_WARN_DIRECT_OBJC_ISA_USAGE = YES_ERROR;
				CLANG_WARN_DOCUMENTATION_COMMENTS = YES;
				CLANG_WARN_EMPTY_BODY = YES;
				CLANG_WARN_ENUM_CONVERSION = YES;
				CLANG_WARN_INFINITE_RECURSION = YES;
				CLANG_WARN_INT_CONVERSION = YES;
				CLANG_WARN_OBJC_ROOT_CLASS = YES_ERROR;
				CLANG_WARN_SUSPICIOUS_MOVE = YES;
				CLANG_WARN_UNREACHABLE_CODE = YES;
				CLANG_WARN__DUPLICATE_METHOD_MATCH = YES;
				"CODE_SIGN_IDENTITY[sdk=iphoneos*]" = "iPhone Developer";
				COPY_PHASE_STRIP = NO;
				DEBUG_INFORMATION_FORMAT = dwarf;
				ENABLE_STRICT_OBJC_MSGSEND = YES;
				ENABLE_TESTABILITY = YES;
				GCC_C_LANGUAGE_STANDARD = gnu99;
				GCC_DYNAMIC_NO_PIC = NO;
				GCC_NO_COMMON_BLOCKS = YES;
				GCC_OPTIMIZATION_LEVEL = 0;
				GCC_PREPROCESSOR_DEFINITIONS = (
					"DEBUG=1",
					"$(inherited)",
				);
				GCC_WARN_64_TO_32_BIT_CONVERSION = YES;
				GCC_WARN_ABOUT_RETURN_TYPE = YES_ERROR;
				GCC_WARN_UNDECLARED_SELECTOR = YES;
				GCC_WARN_UNINITIALIZED_AUTOS = YES_AGGRESSIVE;
				GCC_WARN_UNUSED_FUNCTION = YES;
				GCC_WARN_UNUSED_VARIABLE = YES;
				IPHONEOS_DEPLOYMENT_TARGET = 10.3;
				MTL_ENABLE_DEBUG_INFO = YES;
				ONLY_ACTIVE_ARCH = YES;
				SDKROOT = iphoneos;
				SWIFT_ACTIVE_COMPILATION_CONDITIONS = DEBUG;
				SWIFT_OPTIMIZATION_LEVEL = "-Onone";
			};
			name = Debug;
		};
		64B6C0301FD2F9A300DE1AC0 /* Release */ = {
			isa = XCBuildConfiguration;
			buildSettings = {
				ALWAYS_SEARCH_USER_PATHS = NO;
				CLANG_ANALYZER_NONNULL = YES;
				CLANG_ANALYZER_NUMBER_OBJECT_CONVERSION = YES_AGGRESSIVE;
				CLANG_CXX_LANGUAGE_STANDARD = "gnu++0x";
				CLANG_CXX_LIBRARY = "libc++";
				CLANG_ENABLE_MODULES = YES;
				CLANG_ENABLE_OBJC_ARC = YES;
				CLANG_WARN_BOOL_CONVERSION = YES;
				CLANG_WARN_CONSTANT_CONVERSION = YES;
				CLANG_WARN_DIRECT_OBJC_ISA_USAGE = YES_ERROR;
				CLANG_WARN_DOCUMENTATION_COMMENTS = YES;
				CLANG_WARN_EMPTY_BODY = YES;
				CLANG_WARN_ENUM_CONVERSION = YES;
				CLANG_WARN_INFINITE_RECURSION = YES;
				CLANG_WARN_INT_CONVERSION = YES;
				CLANG_WARN_OBJC_ROOT_CLASS = YES_ERROR;
				CLANG_WARN_SUSPICIOUS_MOVE = YES;
				CLANG_WARN_UNREACHABLE_CODE = YES;
				CLANG_WARN__DUPLICATE_METHOD_MATCH = YES;
				"CODE_SIGN_IDENTITY[sdk=iphoneos*]" = "iPhone Developer";
				COPY_PHASE_STRIP = NO;
				DEBUG_INFORMATION_FORMAT = "dwarf-with-dsym";
				ENABLE_NS_ASSERTIONS = NO;
				ENABLE_STRICT_OBJC_MSGSEND = YES;
				GCC_C_LANGUAGE_STANDARD = gnu99;
				GCC_NO_COMMON_BLOCKS = YES;
				GCC_WARN_64_TO_32_BIT_CONVERSION = YES;
				GCC_WARN_ABOUT_RETURN_TYPE = YES_ERROR;
				GCC_WARN_UNDECLARED_SELECTOR = YES;
				GCC_WARN_UNINITIALIZED_AUTOS = YES_AGGRESSIVE;
				GCC_WARN_UNUSED_FUNCTION = YES;
				GCC_WARN_UNUSED_VARIABLE = YES;
				IPHONEOS_DEPLOYMENT_TARGET = 10.3;
				MTL_ENABLE_DEBUG_INFO = NO;
				SDKROOT = iphoneos;
				SWIFT_OPTIMIZATION_LEVEL = "-Owholemodule";
				VALIDATE_PRODUCT = YES;
			};
			name = Release;
		};
		64B6C0321FD2F9A300DE1AC0 /* Debug */ = {
			isa = XCBuildConfiguration;
			buildSettings = {
				ASSETCATALOG_COMPILER_APPICON_NAME = AppIcon;
				DEVELOPMENT_TEAM = VB96A47ZJW;
				INFOPLIST_FILE = MyMusicPlayer/Info.plist;
				LD_RUNPATH_SEARCH_PATHS = "$(inherited) @executable_path/Frameworks";
				PRODUCT_BUNDLE_IDENTIFIER = ForLover.MyMusicPlayer;
				PRODUCT_NAME = "$(TARGET_NAME)";
				SWIFT_VERSION = 3.0;
			};
			name = Debug;
		};
		64B6C0331FD2F9A300DE1AC0 /* Release */ = {
			isa = XCBuildConfiguration;
			buildSettings = {
				ASSETCATALOG_COMPILER_APPICON_NAME = AppIcon;
				DEVELOPMENT_TEAM = VB96A47ZJW;
				INFOPLIST_FILE = MyMusicPlayer/Info.plist;
				LD_RUNPATH_SEARCH_PATHS = "$(inherited) @executable_path/Frameworks";
				PRODUCT_BUNDLE_IDENTIFIER = ForLover.MyMusicPlayer;
				PRODUCT_NAME = "$(TARGET_NAME)";
				SWIFT_VERSION = 3.0;
			};
			name = Release;
		};
		64B6C0351FD2F9A300DE1AC0 /* Debug */ = {
			isa = XCBuildConfiguration;
			buildSettings = {
				ALWAYS_EMBED_SWIFT_STANDARD_LIBRARIES = YES;
				BUNDLE_LOADER = "$(TEST_HOST)";
				DEVELOPMENT_TEAM = VB96A47ZJW;
				INFOPLIST_FILE = MyMusicPlayerTests/Info.plist;
				LD_RUNPATH_SEARCH_PATHS = "$(inherited) @executable_path/Frameworks @loader_path/Frameworks";
				PRODUCT_BUNDLE_IDENTIFIER = ForLover.MyMusicPlayerTests;
				PRODUCT_NAME = "$(TARGET_NAME)";
				SWIFT_VERSION = 3.0;
				TEST_HOST = "$(BUILT_PRODUCTS_DIR)/MyMusicPlayer.app/MyMusicPlayer";
			};
			name = Debug;
		};
		64B6C0361FD2F9A300DE1AC0 /* Release */ = {
			isa = XCBuildConfiguration;
			buildSettings = {
				ALWAYS_EMBED_SWIFT_STANDARD_LIBRARIES = YES;
				BUNDLE_LOADER = "$(TEST_HOST)";
				DEVELOPMENT_TEAM = VB96A47ZJW;
				INFOPLIST_FILE = MyMusicPlayerTests/Info.plist;
				LD_RUNPATH_SEARCH_PATHS = "$(inherited) @executable_path/Frameworks @loader_path/Frameworks";
				PRODUCT_BUNDLE_IDENTIFIER = ForLover.MyMusicPlayerTests;
				PRODUCT_NAME = "$(TARGET_NAME)";
				SWIFT_VERSION = 3.0;
				TEST_HOST = "$(BUILT_PRODUCTS_DIR)/MyMusicPlayer.app/MyMusicPlayer";
			};
			name = Release;
		};
		64B6C0381FD2F9A300DE1AC0 /* Debug */ = {
			isa = XCBuildConfiguration;
			buildSettings = {
				ALWAYS_EMBED_SWIFT_STANDARD_LIBRARIES = YES;
				DEVELOPMENT_TEAM = VB96A47ZJW;
				INFOPLIST_FILE = MyMusicPlayerUITests/Info.plist;
				LD_RUNPATH_SEARCH_PATHS = "$(inherited) @executable_path/Frameworks @loader_path/Frameworks";
				PRODUCT_BUNDLE_IDENTIFIER = ForLover.MyMusicPlayerUITests;
				PRODUCT_NAME = "$(TARGET_NAME)";
				SWIFT_VERSION = 3.0;
				TEST_TARGET_NAME = MyMusicPlayer;
			};
			name = Debug;
		};
		64B6C0391FD2F9A300DE1AC0 /* Release */ = {
			isa = XCBuildConfiguration;
			buildSettings = {
				ALWAYS_EMBED_SWIFT_STANDARD_LIBRARIES = YES;
				DEVELOPMENT_TEAM = VB96A47ZJW;
				INFOPLIST_FILE = MyMusicPlayerUITests/Info.plist;
				LD_RUNPATH_SEARCH_PATHS = "$(inherited) @executable_path/Frameworks @loader_path/Frameworks";
				PRODUCT_BUNDLE_IDENTIFIER = ForLover.MyMusicPlayerUITests;
				PRODUCT_NAME = "$(TARGET_NAME)";
				SWIFT_VERSION = 3.0;
				TEST_TARGET_NAME = MyMusicPlayer;
			};
			name = Release;
		};
/* End XCBuildConfiguration section */

/* Begin XCConfigurationList section */
		64B6C0041FD2F9A200DE1AC0 /* Build configuration list for PBXProject "MyMusicPlayer" */ = {
			isa = XCConfigurationList;
			buildConfigurations = (
				64B6C02F1FD2F9A300DE1AC0 /* Debug */,
				64B6C0301FD2F9A300DE1AC0 /* Release */,
			);
			defaultConfigurationIsVisible = 0;
			defaultConfigurationName = Release;
		};
		64B6C0311FD2F9A300DE1AC0 /* Build configuration list for PBXNativeTarget "MyMusicPlayer" */ = {
			isa = XCConfigurationList;
			buildConfigurations = (
				64B6C0321FD2F9A300DE1AC0 /* Debug */,
				64B6C0331FD2F9A300DE1AC0 /* Release */,
			);
			defaultConfigurationIsVisible = 0;
		};
		64B6C0341FD2F9A300DE1AC0 /* Build configuration list for PBXNativeTarget "MyMusicPlayerTests" */ = {
			isa = XCConfigurationList;
			buildConfigurations = (
				64B6C0351FD2F9A300DE1AC0 /* Debug */,
				64B6C0361FD2F9A300DE1AC0 /* Release */,
			);
			defaultConfigurationIsVisible = 0;
		};
		64B6C0371FD2F9A300DE1AC0 /* Build configuration list for PBXNativeTarget "MyMusicPlayerUITests" */ = {
			isa = XCConfigurationList;
			buildConfigurations = (
				64B6C0381FD2F9A300DE1AC0 /* Debug */,
				64B6C0391FD2F9A300DE1AC0 /* Release */,
			);
			defaultConfigurationIsVisible = 0;
		};
/* End XCConfigurationList section */
	};
	rootObject = 64B6C0011FD2F9A200DE1AC0 /* Project object */;
}
